
Microsoft Visual Studio Solution File, Format Version 12.00
Project("{FAE04EC0-301F-11D3-BF4B-00C04F79EFBC}") = "DreckTrack_API", "DreckTrack_API\DreckTrack_API.csproj", "{FF5AD983-C738-4DC5-8B7C-74A12E1DE3A3}"
EndProject
Project("{2150E333-8FDC-42A3-9474-1A3956D46DE8}") = "Solution Items", "Solution Items", "{ED65DF46-1274-4C89-A813-703E1BDAFCB7}"
	ProjectSection(SolutionItems) = preProject
		docker-compose.yml = docker-compose.yml
	EndProjectSection
EndProject
Global
	GlobalSection(SolutionConfigurationPlatforms) = preSolution
		Debug|Any CPU = Debug|Any CPU
		Release|Any CPU = Release|Any CPU
	EndGlobalSection
	GlobalSection(ProjectConfigurationPlatforms) = postSolution
		{FF5AD983-C738-4DC5-8B7C-74A12E1DE3A3}.Debug|Any CPU.ActiveCfg = Debug|Any CPU
		{FF5AD983-C738-4DC5-8B7C-74A12E1DE3A3}.Debug|Any CPU.Build.0 = Debug|Any CPU
		{FF5AD983-C738-4DC5-8B7C-74A12E1DE3A3}.Release|Any CPU.ActiveCfg = Release|Any CPU
		{FF5AD983-C738-4DC5-8B7C-74A12E1DE3A3}.Release|Any CPU.Build.0 = Release|Any CPU
	EndGlobalSection
EndGlobal
